

Microsoft Visual Studio Solution File, Format Version 12.00
# Visual Studio Version 16
VisualStudioVersion = 16.0.31112.23
MinimumVisualStudioVersion = 10.0.40219.1
Project("{9A19103F-16F7-4668-BE54-9A1E7A4F7556}") = "Corvus-Proyecto", "Corvus-Proyecto.csproj", "{C6ABA545-692F-40E4-8F2F-8AE19095AB4C}"
EndProject
Global
	GlobalSection(SolutionConfigurationPlatforms) = preSolution
		Debug|Any CPU = Debug|Any CPU
		Release|Any CPU = Release|Any CPU
	EndGlobalSection
	GlobalSection(ProjectConfigurationPlatforms) = postSolution
		{C6ABA545-692F-40E4-8F2F-8AE19095AB4C}.Debug|Any CPU.ActiveCfg = Debug|Any CPU
		{C6ABA545-692F-40E4-8F2F-8AE19095AB4C}.Debug|Any CPU.Build.0 = Debug|Any CPU
		{C6ABA545-692F-40E4-8F2F-8AE19095AB4C}.Release|Any CPU.ActiveCfg = Release|Any CPU
		{C6ABA545-692F-40E4-8F2F-8AE19095AB4C}.Release|Any CPU.Build.0 = Release|Any CPU
	EndGlobalSection
	GlobalSection(SolutionProperties) = preSolution
		HideSolutionNode = FALSE
	EndGlobalSection
	GlobalSection(ExtensibilityGlobals) = postSolution
		SolutionGuid = {0B2D52F2-9BB4-4A13-9017-7DCB5AC5B2DC}
	EndGlobalSection
EndGlobal
